
Microsoft Visual Studio Solution File, Format Version 12.00
# Visual Studio Version 17
VisualStudioVersion = 17.5.33530.505
MinimumVisualStudioVersion = 10.0.40219.1
Project("{FAE04EC0-301F-11D3-BF4B-00C04F79EFBC}") = "WpfApp1", "WpfApp1.csproj", "{C127B9CA-790C-4A9B-A065-C6F2F9DCF73F}"
EndProject
Global
	GlobalSection(SolutionConfigurationPlatforms) = preSolution
		Debug|Any CPU = Debug|Any CPU
		Release|Any CPU = Release|Any CPU
	EndGlobalSection
	GlobalSection(ProjectConfigurationPlatforms) = postSolution
		{C127B9CA-790C-4A9B-A065-C6F2F9DCF73F}.Debug|Any CPU.ActiveCfg = Debug|Any CPU
		{C127B9CA-790C-4A9B-A065-C6F2F9DCF73F}.Debug|Any CPU.Build.0 = Debug|Any CPU
		{C127B9CA-790C-4A9B-A065-C6F2F9DCF73F}.Release|Any CPU.ActiveCfg = Release|Any CPU
		{C127B9CA-790C-4A9B-A065-C6F2F9DCF73F}.Release|Any CPU.Build.0 = Release|Any CPU
	EndGlobalSection
	GlobalSection(SolutionProperties) = preSolution
		HideSolutionNode = FALSE
	EndGlobalSection
	GlobalSection(ExtensibilityGlobals) = postSolution
		SolutionGuid = {4F423282-635B-499C-9C1E-B230C62FD62B}
	EndGlobalSection
EndGlobal
